
Microsoft Visual Studio Solution File, Format Version 12.00
# Visual Studio Version 16
VisualStudioVersion = 16.0.31005.135
MinimumVisualStudioVersion = 10.0.40219.1
Project("{9A19103F-16F7-4668-BE54-9A1E7A4F7556}") = "ObjectsAndClasses", "ObjectsAndClasses.csproj", "{034B2239-55AE-42EF-9B3F-D4B80B961F97}"
EndProject
Project("{9A19103F-16F7-4668-BE54-9A1E7A4F7556}") = "Factorial", "..\Factorial\Factorial.csproj", "{D6FCCC50-BE4C-4D2C-8282-EDA186E4ACB6}"
EndProject
Project("{9A19103F-16F7-4668-BE54-9A1E7A4F7556}") = "Songs", "..\Songs\Songs.csproj", "{FCEC65D6-B215-4EDB-87EC-AA5714AF99C5}"
EndProject
Project("{9A19103F-16F7-4668-BE54-9A1E7A4F7556}") = "Students", "..\Students\Students.csproj", "{484E6167-7C9F-4096-9322-4C18D9E1F73F}"
EndProject
Project("{9A19103F-16F7-4668-BE54-9A1E7A4F7556}") = "Students2.0", "..\Students2.0\Students2.0.csproj", "{685C4790-9842-4D3E-8284-B30A6ACDD0F5}"
EndProject
Project("{FAE04EC0-301F-11D3-BF4B-00C04F79EFBC}") = "StoreBoxes", "..\StoreBoxes\StoreBoxes.csproj", "{347B3486-A642-4C12-A5DC-8237909CEFAF}"
EndProject
Global
	GlobalSection(SolutionConfigurationPlatforms) = preSolution
		Debug|Any CPU = Debug|Any CPU
		Release|Any CPU = Release|Any CPU
	EndGlobalSection
	GlobalSection(ProjectConfigurationPlatforms) = postSolution
		{034B2239-55AE-42EF-9B3F-D4B80B961F97}.Debug|Any CPU.ActiveCfg = Debug|Any CPU
		{034B2239-55AE-42EF-9B3F-D4B80B961F97}.Debug|Any CPU.Build.0 = Debug|Any CPU
		{034B2239-55AE-42EF-9B3F-D4B80B961F97}.Release|Any CPU.ActiveCfg = Release|Any CPU
		{034B2239-55AE-42EF-9B3F-D4B80B961F97}.Release|Any CPU.Build.0 = Release|Any CPU
		{D6FCCC50-BE4C-4D2C-8282-EDA186E4ACB6}.Debug|Any CPU.ActiveCfg = Debug|Any CPU
		{D6FCCC50-BE4C-4D2C-8282-EDA186E4ACB6}.Debug|Any CPU.Build.0 = Debug|Any CPU
		{D6FCCC50-BE4C-4D2C-8282-EDA186E4ACB6}.Release|Any CPU.ActiveCfg = Release|Any CPU
		{D6FCCC50-BE4C-4D2C-8282-EDA186E4ACB6}.Release|Any CPU.Build.0 = Release|Any CPU
		{FCEC65D6-B215-4EDB-87EC-AA5714AF99C5}.Debug|Any CPU.ActiveCfg = Debug|Any CPU
		{FCEC65D6-B215-4EDB-87EC-AA5714AF99C5}.Debug|Any CPU.Build.0 = Debug|Any CPU
		{FCEC65D6-B215-4EDB-87EC-AA5714AF99C5}.Release|Any CPU.ActiveCfg = Release|Any CPU
		{FCEC65D6-B215-4EDB-87EC-AA5714AF99C5}.Release|Any CPU.Build.0 = Release|Any CPU
		{484E6167-7C9F-4096-9322-4C18D9E1F73F}.Debug|Any CPU.ActiveCfg = Debug|Any CPU
		{484E6167-7C9F-4096-9322-4C18D9E1F73F}.Debug|Any CPU.Build.0 = Debug|Any CPU
		{484E6167-7C9F-4096-9322-4C18D9E1F73F}.Release|Any CPU.ActiveCfg = Release|Any CPU
		{484E6167-7C9F-4096-9322-4C18D9E1F73F}.Release|Any CPU.Build.0 = Release|Any CPU
		{685C4790-9842-4D3E-8284-B30A6ACDD0F5}.Debug|Any CPU.ActiveCfg = Debug|Any CPU
		{685C4790-9842-4D3E-8284-B30A6ACDD0F5}.Debug|Any CPU.Build.0 = Debug|Any CPU
		{685C4790-9842-4D3E-8284-B30A6ACDD0F5}.Release|Any CPU.ActiveCfg = Release|Any CPU
		{685C4790-9842-4D3E-8284-B30A6ACDD0F5}.Release|Any CPU.Build.0 = Release|Any CPU
		{347B3486-A642-4C12-A5DC-8237909CEFAF}.Debug|Any CPU.ActiveCfg = Debug|Any CPU
		{347B3486-A642-4C12-A5DC-8237909CEFAF}.Debug|Any CPU.Build.0 = Debug|Any CPU
		{347B3486-A642-4C12-A5DC-8237909CEFAF}.Release|Any CPU.ActiveCfg = Release|Any CPU
		{347B3486-A642-4C12-A5DC-8237909CEFAF}.Release|Any CPU.Build.0 = Release|Any CPU
	EndGlobalSection
	GlobalSection(SolutionProperties) = preSolution
		HideSolutionNode = FALSE
	EndGlobalSection
	GlobalSection(ExtensibilityGlobals) = postSolution
		SolutionGuid = {0B797931-1D20-49A9-AF28-E78A2892F950}
	EndGlobalSection
EndGlobal
